{"ambiguity":{"hash_tiebreak_used":false,"status":"SINGLE_ELIGIBLE_SOURCE"},"focal_safety_evaluated_pre_lock":false,"full_rankings_sha256":"a34810523142cffa388bd88fd912430b088284ebd3d6766f0a5ccbd6599c7bbd","matcher_design_sha256":"825b72d767bff1856a17b1bfd51aeccb605fd687efad5598c762bce840d7f608","pair_hash":"aea73ec3b6b8bb289b60204a344c6279c1bfbb7a794b1852c729376c921ec2f4","prepared_source_corpus_sha256":"f1a965c77f8c30c721d76ff7ebd5cac57a990919bca4dd8ad28462a729c7364e","rank_2_fallback":false,"schema":"cmpilot-source-pair-lock-v3","target_b_date_utc":"2018-10-12","target_id":"aio-libs__aiohttp-session_1b356f01bbab57d041c9a75bacd72fbbf8524728","target_identity_list_sha256":"9b0a6de1ebfc58b34172196726df716c076804447ffeb6475152dd66b08c572f","target_representation_sha256":"a484f1cc0aba7f9b46bb22238dd02189b07adb8bb5458e0e6dca743bae54f3f8","target_scope_purpose":"DEVELOPMENT_PERMANENT_EXCLUSIONS","top_one":true,"top_source_entry_sha256":"659897ca4afc857f9b97a22ca97e4fdfb019e90a9986e13d716cdd1f29430e75","top_source_id":"src-aio-fernet-load-session"}