{"ambiguity":{"hash_tiebreak_used":false,"status":"UNAMBIGUOUS_FIRST_MEANINGFUL_DIFFERENCE"},"focal_safety_evaluated_pre_lock":false,"full_rankings_sha256":"086b08ef81c3ef7e62777d412eb4ad43ec25727fc1b463db6b0f5bdfdf23b18f","matcher_design_sha256":"825b72d767bff1856a17b1bfd51aeccb605fd687efad5598c762bce840d7f608","pair_hash":"d13f52fb28fefbca617689300929f62b70dc1a98215bae04f1542e278e5c7eac","prepared_source_corpus_sha256":"c3e1ea6618cbff9474e3c51c82ba2afc363d74d08eaf48954fa6e560ceaebdf5","rank_2_fallback":false,"schema":"cmpilot-source-pair-lock-v3","target_b_date_utc":"2019-02-01","target_id":"buildbot__buildbot_e781f110933e05ecdb30abc64327a2c7c9ff9c5a","target_identity_list_sha256":"9b0a6de1ebfc58b34172196726df716c076804447ffeb6475152dd66b08c572f","target_representation_sha256":"411d4051a3d7f1cc1b7f3e43b4e0fa0f9ae43aceacbc3c1a38431d9b9c266fff","target_scope_purpose":"DEVELOPMENT_PERMANENT_EXCLUSIONS","top_one":true,"top_source_entry_sha256":"5f245a0e769b53bf21116c5bdbe067add90d20961417bed650d52bb2035b91a3","top_source_id":"src-v2-buildbot-gerrit-defaultsummarycb-71d61463baee"}