{"ambiguity":{"hash_tiebreak_used":false,"status":"UNAMBIGUOUS_FIRST_MEANINGFUL_DIFFERENCE"},"focal_safety_evaluated_pre_lock":false,"full_rankings_sha256":"8557f00eb10e3873ae94b44a1118fda699a3d666196748bdab48e66ffedfaac3","matcher_design_sha256":"825b72d767bff1856a17b1bfd51aeccb605fd687efad5598c762bce840d7f608","pair_hash":"74c6b627ecfa7574575fb135d1d3a343babc1cff66d7d566db9c70bf2381a749","prepared_source_corpus_sha256":"b1a73ef814e95c251c8b9dccf1709527f7da5ebc64d3c127e486399d1589924c","rank_2_fallback":false,"schema":"cmpilot-source-pair-lock-v3","target_b_date_utc":"2023-05-22","target_id":"psf__requests_74ea7cf7a6a27a4eeb2ae24e162bcc942a6706d5","target_identity_list_sha256":"9b0a6de1ebfc58b34172196726df716c076804447ffeb6475152dd66b08c572f","target_representation_sha256":"42251bbd583ca66288e12690c485444f9cdd7802cf74eaf588c9420eaf442ff9","target_scope_purpose":"DEVELOPMENT_PERMANENT_EXCLUSIONS","top_one":true,"top_source_entry_sha256":"ee53de285cbffcd7036fa2e0cb039bc0bbaa6d45d45813885c6c4bad2fd57c8a","top_source_id":"src-requests-resolve-proxies"}